// !$*UTF8*$!
{
	archiveVersion = 1;
	classes = {
	};
	objectVersion = 48;
	objects = {

/* Begin PBXBuildFile section */
		4D0A169820158BA60001844A /* Main.storyboard in Resources */ = {isa = PBXBuildFile; fileRef = 4D0A169620158BA60001844A /* Main.storyboard */; };
		4D0A169A20158BA60001844A /* Assets.xcassets in Resources */ = {isa = PBXBuildFile; fileRef = 4D0A169920158BA60001844A /* Assets.xcassets */; };
		4D0A169D20158BA60001844A /* LaunchScreen.storyboard in Resources */ = {isa = PBXBuildFile; fileRef = 4D0A169B20158BA60001844A /* LaunchScreen.storyboard */; };
		4D0A16A020158BA60001844A /* main.m in Sources */ = {isa = PBXBuildFile; fileRef = 4D0A169F20158BA60001844A /* main.m */; };
		4D0A16C7201591950001844A /* ViewController.mm in Sources */ = {isa = PBXBuildFile; fileRef = 4D0A16C4201591950001844A /* ViewController.mm */; };
		4D0A16C8201591950001844A /* AppDelegate.m in Sources */ = {isa = PBXBuildFile; fileRef = 4D0A16C5201591950001844A /* AppDelegate.m */; };
		4D0A1B6C2015D6600001844A /* m.wav in Resources */ = {isa = PBXBuildFile; fileRef = 4D0A1B6B2015D6600001844A /* m.wav */; };
		4D79E5A620372D110031D13C /* libfaac.a in Frameworks */ = {isa = PBXBuildFile; fileRef = 4D79E5A520372D110031D13C /* libfaac.a */; };
		4DD64A29201A2B63003A8044 /* MZCodec.cpp in Sources */ = {isa = PBXBuildFile; fileRef = 4DD64A27201A2B63003A8044 /* MZCodec.cpp */; };
		4DD64A2E201A3121003A8044 /* AVFoundation.framework in Frameworks */ = {isa = PBXBuildFile; fileRef = 4DD64A2D201A3121003A8044 /* AVFoundation.framework */; };
		4DDDF2DA20383A53004759A9 /* wavreader.c in Sources */ = {isa = PBXBuildFile; fileRef = 4DDDF2D820383A52004759A9 /* wavreader.c */; };
		4DDDF2E62039B237004759A9 /* libmp4ff.a in Frameworks */ = {isa = PBXBuildFile; fileRef = 4DDDF2E42039B237004759A9 /* libmp4ff.a */; };
		4DDDF2E72039B237004759A9 /* libfaad.a in Frameworks */ = {isa = PBXBuildFile; fileRef = 4DDDF2E52039B237004759A9 /* libfaad.a */; };
		4DDDF2E92039B70B004759A9 /* mm.aac in Resources */ = {isa = PBXBuildFile; fileRef = 4DDDF2E82039B70B004759A9 /* mm.aac */; };
/* End PBXBuildFile section */

/* Begin PBXFileReference section */
		4D0A168D20158BA60001844A /* MZAudioCodec.app */ = {isa = PBXFileReference; explicitFileType = wrapper.application; includeInIndex = 0; path = MZAudioCodec.app; sourceTree = BUILT_PRODUCTS_DIR; };
		4D0A169720158BA60001844A /* Base */ = {isa = PBXFileReference; lastKnownFileType = file.storyboard; name = Base; path = Base.lproj/Main.storyboard; sourceTree = "<group>"; };
		4D0A169920158BA60001844A /* Assets.xcassets */ = {isa = PBXFileReference; lastKnownFileType = folder.assetcatalog; path = Assets.xcassets; sourceTree = "<group>"; };
		4D0A169C20158BA60001844A /* Base */ = {isa = PBXFileReference; lastKnownFileType = file.storyboard; name = Base; path = Base.lproj/LaunchScreen.storyboard; sourceTree = "<group>"; };
		4D0A169E20158BA60001844A /* Info.plist */ = {isa = PBXFileReference; lastKnownFileType = text.plist.xml; path = Info.plist; sourceTree = "<group>"; };
		4D0A169F20158BA60001844A /* main.m */ = {isa = PBXFileReference; lastKnownFileType = sourcecode.c.objc; path = main.m; sourceTree = "<group>"; };
		4D0A16C3201591950001844A /* AppDelegate.h */ = {isa = PBXFileReference; fileEncoding = 4; lastKnownFileType = sourcecode.c.h; path = AppDelegate.h; sourceTree = "<group>"; };
		4D0A16C4201591950001844A /* ViewController.mm */ = {isa = PBXFileReference; fileEncoding = 4; lastKnownFileType = sourcecode.cpp.objcpp; path = ViewController.mm; sourceTree = "<group>"; };
		4D0A16C5201591950001844A /* AppDelegate.m */ = {isa = PBXFileReference; fileEncoding = 4; lastKnownFileType = sourcecode.c.objc; path = AppDelegate.m; sourceTree = "<group>"; };
		4D0A16C6201591950001844A /* ViewController.h */ = {isa = PBXFileReference; fileEncoding = 4; lastKnownFileType = sourcecode.c.h; path = ViewController.h; sourceTree = "<group>"; };
		4D0A1B6B2015D6600001844A /* m.wav */ = {isa = PBXFileReference; lastKnownFileType = audio.wav; path = m.wav; sourceTree = "<group>"; };
		4D79E5A220372D110031D13C /* faac.h */ = {isa = PBXFileReference; fileEncoding = 4; lastKnownFileType = sourcecode.c.h; path = faac.h; sourceTree = "<group>"; };
		4D79E5A320372D110031D13C /* faaccfg.h */ = {isa = PBXFileReference; fileEncoding = 4; lastKnownFileType = sourcecode.c.h; path = faaccfg.h; sourceTree = "<group>"; };
		4D79E5A520372D110031D13C /* libfaac.a */ = {isa = PBXFileReference; lastKnownFileType = archive.ar; path = libfaac.a; sourceTree = "<group>"; };
		4DD64A27201A2B63003A8044 /* MZCodec.cpp */ = {isa = PBXFileReference; lastKnownFileType = sourcecode.cpp.cpp; path = MZCodec.cpp; sourceTree = "<group>"; };
		4DD64A28201A2B63003A8044 /* MZCodec.hpp */ = {isa = PBXFileReference; lastKnownFileType = sourcecode.cpp.h; path = MZCodec.hpp; sourceTree = "<group>"; };
		4DD64A2D201A3121003A8044 /* AVFoundation.framework */ = {isa = PBXFileReference; lastKnownFileType = wrapper.framework; name = AVFoundation.framework; path = System/Library/Frameworks/AVFoundation.framework; sourceTree = SDKROOT; };
		4DDDF2D820383A52004759A9 /* wavreader.c */ = {isa = PBXFileReference; fileEncoding = 4; lastKnownFileType = sourcecode.c.c; path = wavreader.c; sourceTree = "<group>"; };
		4DDDF2D920383A52004759A9 /* wavreader.h */ = {isa = PBXFileReference; fileEncoding = 4; lastKnownFileType = sourcecode.c.h; path = wavreader.h; sourceTree = "<group>"; };
		4DDDF2DF2039B237004759A9 /* neaacdec.h */ = {isa = PBXFileReference; fileEncoding = 4; lastKnownFileType = sourcecode.c.h; path = neaacdec.h; sourceTree = "<group>"; };
		4DDDF2E02039B237004759A9 /* mp4ff.h */ = {isa = PBXFileReference; fileEncoding = 4; lastKnownFileType = sourcecode.c.h; path = mp4ff.h; sourceTree = "<group>"; };
		4DDDF2E12039B237004759A9 /* mp4ffint.h */ = {isa = PBXFileReference; fileEncoding = 4; lastKnownFileType = sourcecode.c.h; path = mp4ffint.h; sourceTree = "<group>"; };
		4DDDF2E22039B237004759A9 /* faad.h */ = {isa = PBXFileReference; fileEncoding = 4; lastKnownFileType = sourcecode.c.h; path = faad.h; sourceTree = "<group>"; };
		4DDDF2E42039B237004759A9 /* libmp4ff.a */ = {isa = PBXFileReference; lastKnownFileType = archive.ar; path = libmp4ff.a; sourceTree = "<group>"; };
		4DDDF2E52039B237004759A9 /* libfaad.a */ = {isa = PBXFileReference; lastKnownFileType = archive.ar; path = libfaad.a; sourceTree = "<group>"; };
		4DDDF2E82039B70B004759A9 /* mm.aac */ = {isa = PBXFileReference; lastKnownFileType = file; path = mm.aac; sourceTree = "<group>"; };
/* End PBXFileReference section */

/* Begin PBXFrameworksBuildPhase section */
		4D0A168A20158BA60001844A /* Frameworks */ = {
			isa = PBXFrameworksBuildPhase;
			buildActionMask = 2147483647;
			files = (
				4DDDF2E72039B237004759A9 /* libfaad.a in Frameworks */,
				4DDDF2E62039B237004759A9 /* libmp4ff.a in Frameworks */,
				4D79E5A620372D110031D13C /* libfaac.a in Frameworks */,
				4DD64A2E201A3121003A8044 /* AVFoundation.framework in Frameworks */,
			);
			runOnlyForDeploymentPostprocessing = 0;
		};
/* End PBXFrameworksBuildPhase section */

/* Begin PBXGroup section */
		4D0A168420158BA60001844A = {
			isa = PBXGroup;
			children = (
				4D0A168F20158BA60001844A /* MZAudioCodec */,
				4D0A168E20158BA60001844A /* Products */,
				4DD64A2C201A3121003A8044 /* Frameworks */,
			);
			sourceTree = "<group>";
		};
		4D0A168E20158BA60001844A /* Products */ = {
			isa = PBXGroup;
			children = (
				4D0A168D20158BA60001844A /* MZAudioCodec.app */,
			);
			name = Products;
			sourceTree = "<group>";
		};
		4D0A168F20158BA60001844A /* MZAudioCodec */ = {
			isa = PBXGroup;
			children = (
				4D0A19D5201594F10001844A /* Resource */,
				4D0A16C2201591950001844A /* Classes */,
				4D0A169620158BA60001844A /* Main.storyboard */,
				4D0A169920158BA60001844A /* Assets.xcassets */,
				4D0A169B20158BA60001844A /* LaunchScreen.storyboard */,
				4D0A169E20158BA60001844A /* Info.plist */,
				4D0A169F20158BA60001844A /* main.m */,
			);
			path = MZAudioCodec;
			sourceTree = "<group>";
		};
		4D0A16C2201591950001844A /* Classes */ = {
			isa = PBXGroup;
			children = (
				4DDDF2D920383A52004759A9 /* wavreader.h */,
				4DDDF2D820383A52004759A9 /* wavreader.c */,
				4D0A16C3201591950001844A /* AppDelegate.h */,
				4D0A16C5201591950001844A /* AppDelegate.m */,
				4D0A16C6201591950001844A /* ViewController.h */,
				4D0A16C4201591950001844A /* ViewController.mm */,
				4DD64A28201A2B63003A8044 /* MZCodec.hpp */,
				4DD64A27201A2B63003A8044 /* MZCodec.cpp */,
				4D0A16C9201591DE0001844A /* Vendor */,
			);
			path = Classes;
			sourceTree = "<group>";
		};
		4D0A16C9201591DE0001844A /* Vendor */ = {
			isa = PBXGroup;
			children = (
				4DDDF2DD2039B237004759A9 /* faad */,
				4D79E5A020372D110031D13C /* faac */,
			);
			path = Vendor;
			sourceTree = "<group>";
		};
		4D0A19D5201594F10001844A /* Resource */ = {
			isa = PBXGroup;
			children = (
				4DDDF2E82039B70B004759A9 /* mm.aac */,
				4D0A1B6B2015D6600001844A /* m.wav */,
			);
			path = Resource;
			sourceTree = "<group>";
		};
		4D79E5A020372D110031D13C /* faac */ = {
			isa = PBXGroup;
			children = (
				4D79E5A120372D110031D13C /* include */,
				4D79E5A420372D110031D13C /* lib */,
			);
			path = faac;
			sourceTree = "<group>";
		};
		4D79E5A120372D110031D13C /* include */ = {
			isa = PBXGroup;
			children = (
				4D79E5A220372D110031D13C /* faac.h */,
				4D79E5A320372D110031D13C /* faaccfg.h */,
			);
			path = include;
			sourceTree = "<group>";
		};
		4D79E5A420372D110031D13C /* lib */ = {
			isa = PBXGroup;
			children = (
				4D79E5A520372D110031D13C /* libfaac.a */,
			);
			path = lib;
			sourceTree = "<group>";
		};
		4DD64A2C201A3121003A8044 /* Frameworks */ = {
			isa = PBXGroup;
			children = (
				4DD64A2D201A3121003A8044 /* AVFoundation.framework */,
			);
			name = Frameworks;
			sourceTree = "<group>";
		};
		4DDDF2DD2039B237004759A9 /* faad */ = {
			isa = PBXGroup;
			children = (
				4DDDF2DE2039B237004759A9 /* include */,
				4DDDF2E32039B237004759A9 /* lib */,
			);
			path = faad;
			sourceTree = "<group>";
		};
		4DDDF2DE2039B237004759A9 /* include */ = {
			isa = PBXGroup;
			children = (
				4DDDF2DF2039B237004759A9 /* neaacdec.h */,
				4DDDF2E02039B237004759A9 /* mp4ff.h */,
				4DDDF2E12039B237004759A9 /* mp4ffint.h */,
				4DDDF2E22039B237004759A9 /* faad.h */,
			);
			path = include;
			sourceTree = "<group>";
		};
		4DDDF2E32039B237004759A9 /* lib */ = {
			isa = PBXGroup;
			children = (
				4DDDF2E42039B237004759A9 /* libmp4ff.a */,
				4DDDF2E52039B237004759A9 /* libfaad.a */,
			);
			path = lib;
			sourceTree = "<group>";
		};
/* End PBXGroup section */

/* Begin PBXNativeTarget section */
		4D0A168C20158BA60001844A /* MZAudioCodec */ = {
			isa = PBXNativeTarget;
			buildConfigurationList = 4D0A16B920158BA60001844A /* Build configuration list for PBXNativeTarget "MZAudioCodec" */;
			buildPhases = (
				4D0A168920158BA60001844A /* Sources */,
				4D0A168A20158BA60001844A /* Frameworks */,
				4D0A168B20158BA60001844A /* Resources */,
			);
			buildRules = (
			);
			dependencies = (
			);
			name = MZAudioCodec;
			productName = MZAudioCodec;
			productReference = 4D0A168D20158BA60001844A /* MZAudioCodec.app */;
			productType = "com.apple.product-type.application";
		};
/* End PBXNativeTarget section */

/* Begin PBXProject section */
		4D0A168520158BA60001844A /* Project object */ = {
			isa = PBXProject;
			attributes = {
				LastUpgradeCheck = 0920;
				ORGANIZATIONNAME = mark.zhang;
				TargetAttributes = {
					4D0A168C20158BA60001844A = {
						CreatedOnToolsVersion = 9.2;
						ProvisioningStyle = Automatic;
					};
				};
			};
			buildConfigurationList = 4D0A168820158BA60001844A /* Build configuration list for PBXProject "MZAudioCodec" */;
			compatibilityVersion = "Xcode 8.0";
			developmentRegion = en;
			hasScannedForEncodings = 0;
			knownRegions = (
				en,
				Base,
			);
			mainGroup = 4D0A168420158BA60001844A;
			productRefGroup = 4D0A168E20158BA60001844A /* Products */;
			projectDirPath = "";
			projectRoot = "";
			targets = (
				4D0A168C20158BA60001844A /* MZAudioCodec */,
			);
		};
/* End PBXProject section */

/* Begin PBXResourcesBuildPhase section */
		4D0A168B20158BA60001844A /* Resources */ = {
			isa = PBXResourcesBuildPhase;
			buildActionMask = 2147483647;
			files = (
				4DDDF2E92039B70B004759A9 /* mm.aac in Resources */,
				4D0A169D20158BA60001844A /* LaunchScreen.storyboard in Resources */,
				4D0A169A20158BA60001844A /* Assets.xcassets in Resources */,
				4D0A1B6C2015D6600001844A /* m.wav in Resources */,
				4D0A169820158BA60001844A /* Main.storyboard in Resources */,
			);
			runOnlyForDeploymentPostprocessing = 0;
		};
/* End PBXResourcesBuildPhase section */

/* Begin PBXSourcesBuildPhase section */
		4D0A168920158BA60001844A /* Sources */ = {
			isa = PBXSourcesBuildPhase;
			buildActionMask = 2147483647;
			files = (
				4D0A16C7201591950001844A /* ViewController.mm in Sources */,
				4D0A16A020158BA60001844A /* main.m in Sources */,
				4DDDF2DA20383A53004759A9 /* wavreader.c in Sources */,
				4D0A16C8201591950001844A /* AppDelegate.m in Sources */,
				4DD64A29201A2B63003A8044 /* MZCodec.cpp in Sources */,
			);
			runOnlyForDeploymentPostprocessing = 0;
		};
/* End PBXSourcesBuildPhase section */

/* Begin PBXVariantGroup section */
		4D0A169620158BA60001844A /* Main.storyboard */ = {
			isa = PBXVariantGroup;
			children = (
				4D0A169720158BA60001844A /* Base */,
			);
			name = Main.storyboard;
			sourceTree = "<group>";
		};
		4D0A169B20158BA60001844A /* LaunchScreen.storyboard */ = {
			isa = PBXVariantGroup;
			children = (
				4D0A169C20158BA60001844A /* Base */,
			);
			name = LaunchScreen.storyboard;
			sourceTree = "<group>";
		};
/* End PBXVariantGroup section */

/* Begin XCBuildConfiguration section */
		4D0A16B720158BA60001844A /* Debug */ = {
			isa = XCBuildConfiguration;
			buildSettings = {
				ALWAYS_SEARCH_USER_PATHS = NO;
				CLANG_ANALYZER_NONNULL = YES;
				CLANG_ANALYZER_NUMBER_OBJECT_CONVERSION = YES_AGGRESSIVE;
				CLANG_CXX_LANGUAGE_STANDARD = "gnu++14";
				CLANG_CXX_LIBRARY = "libc++";
				CLANG_ENABLE_MODULES = YES;
				CLANG_ENABLE_OBJC_ARC = YES;
				CLANG_WARN_BLOCK_CAPTURE_AUTORELEASING = YES;
				CLANG_WARN_BOOL_CONVERSION = YES;
				CLANG_WARN_COMMA = YES;
				CLANG_WARN_CONSTANT_CONVERSION = YES;
				CLANG_WARN_DIRECT_OBJC_ISA_USAGE = YES_ERROR;
				CLANG_WARN_DOCUMENTATION_COMMENTS = YES;
				CLANG_WARN_EMPTY_BODY = YES;
				CLANG_WARN_ENUM_CONVERSION = YES;
				CLANG_WARN_INFINITE_RECURSION = YES;
				CLANG_WARN_INT_CONVERSION = YES;
				CLANG_WARN_NON_LITERAL_NULL_CONVERSION = YES;
				CLANG_WARN_OBJC_LITERAL_CONVERSION = YES;
				CLANG_WARN_OBJC_ROOT_CLASS = YES_ERROR;
				CLANG_WARN_RANGE_LOOP_ANALYSIS = YES;
				CLANG_WARN_STRICT_PROTOTYPES = YES;
				CLANG_WARN_SUSPICIOUS_MOVE = YES;
				CLANG_WARN_UNGUARDED_AVAILABILITY = YES_AGGRESSIVE;
				CLANG_WARN_UNREACHABLE_CODE = YES;
				CLANG_WARN__DUPLICATE_METHOD_MATCH = YES;
				CODE_SIGN_IDENTITY = "iPhone Developer";
				COPY_PHASE_STRIP = NO;
				DEBUG_INFORMATION_FORMAT = dwarf;
				ENABLE_STRICT_OBJC_MSGSEND = YES;
				ENABLE_TESTABILITY = YES;
				GCC_C_LANGUAGE_STANDARD = gnu11;
				GCC_DYNAMIC_NO_PIC = NO;
				GCC_NO_COMMON_BLOCKS = YES;
				GCC_OPTIMIZATION_LEVEL = 0;
				GCC_PREPROCESSOR_DEFINITIONS = (
					"DEBUG=1",
					"$(inherited)",
				);
				GCC_WARN_64_TO_32_BIT_CONVERSION = YES;
				GCC_WARN_ABOUT_RETURN_TYPE = YES_ERROR;
				GCC_WARN_UNDECLARED_SELECTOR = YES;
				GCC_WARN_UNINITIALIZED_AUTOS = YES_AGGRESSIVE;
				GCC_WARN_UNUSED_FUNCTION = YES;
				GCC_WARN_UNUSED_VARIABLE = YES;
				IPHONEOS_DEPLOYMENT_TARGET = 11.2;
				MTL_ENABLE_DEBUG_INFO = YES;
				ONLY_ACTIVE_ARCH = YES;
				SDKROOT = iphoneos;
				USER_HEADER_SEARCH_PATHS = "$(SRCROOT)/MZAudioCodec/Classes/**";
			};
			name = Debug;
		};
		4D0A16B820158BA60001844A /* Release */ = {
			isa = XCBuildConfiguration;
			buildSettings = {
				ALWAYS_SEARCH_USER_PATHS = NO;
				CLANG_ANALYZER_NONNULL = YES;
				CLANG_ANALYZER_NUMBER_OBJECT_CONVERSION = YES_AGGRESSIVE;
				CLANG_CXX_LANGUAGE_STANDARD = "gnu++14";
				CLANG_CXX_LIBRARY = "libc++";
				CLANG_ENABLE_MODULES = YES;
				CLANG_ENABLE_OBJC_ARC = YES;
				CLANG_WARN_BLOCK_CAPTURE_AUTORELEASING = YES;
				CLANG_WARN_BOOL_CONVERSION = YES;
				CLANG_WARN_COMMA = YES;
				CLANG_WARN_CONSTANT_CONVERSION = YES;
				CLANG_WARN_DIRECT_OBJC_ISA_USAGE = YES_ERROR;
				CLANG_WARN_DOCUMENTATION_COMMENTS = YES;
				CLANG_WARN_EMPTY_BODY = YES;
				CLANG_WARN_ENUM_CONVERSION = YES;
				CLANG_WARN_INFINITE_RECURSION = YES;
				CLANG_WARN_INT_CONVERSION = YES;
				CLANG_WARN_NON_LITERAL_NULL_CONVERSION = YES;
				CLANG_WARN_OBJC_LITERAL_CONVERSION = YES;
				CLANG_WARN_OBJC_ROOT_CLASS = YES_ERROR;
				CLANG_WARN_RANGE_LOOP_ANALYSIS = YES;
				CLANG_WARN_STRICT_PROTOTYPES = YES;
				CLANG_WARN_SUSPICIOUS_MOVE = YES;
				CLANG_WARN_UNGUARDED_AVAILABILITY = YES_AGGRESSIVE;
				CLANG_WARN_UNREACHABLE_CODE = YES;
				CLANG_WARN__DUPLICATE_METHOD_MATCH = YES;
				CODE_SIGN_IDENTITY = "iPhone Developer";
				COPY_PHASE_STRIP = NO;
				DEBUG_INFORMATION_FORMAT = "dwarf-with-dsym";
				ENABLE_NS_ASSERTIONS = NO;
				ENABLE_STRICT_OBJC_MSGSEND = YES;
				GCC_C_LANGUAGE_STANDARD = gnu11;
				GCC_NO_COMMON_BLOCKS = YES;
				GCC_WARN_64_TO_32_BIT_CONVERSION = YES;
				GCC_WARN_ABOUT_RETURN_TYPE = YES_ERROR;
				GCC_WARN_UNDECLARED_SELECTOR = YES;
				GCC_WARN_UNINITIALIZED_AUTOS = YES_AGGRESSIVE;
				GCC_WARN_UNUSED_FUNCTION = YES;
				GCC_WARN_UNUSED_VARIABLE = YES;
				IPHONEOS_DEPLOYMENT_TARGET = 11.2;
				MTL_ENABLE_DEBUG_INFO = NO;
				SDKROOT = iphoneos;
				USER_HEADER_SEARCH_PATHS = "$(SRCROOT)/MZAudioCodec/Classes/**";
				VALIDATE_PRODUCT = YES;
			};
			name = Release;
		};
		4D0A16BA20158BA60001844A /* Debug */ = {
			isa = XCBuildConfiguration;
			buildSettings = {
				ASSETCATALOG_COMPILER_APPICON_NAME = AppIcon;
				CODE_SIGN_STYLE = Automatic;
				DEVELOPMENT_TEAM = GR78TT232F;
				ENABLE_BITCODE = NO;
				INFOPLIST_FILE = MZAudioCodec/Info.plist;
				LD_RUNPATH_SEARCH_PATHS = "$(inherited) @executable_path/Frameworks";
				LIBRARY_SEARCH_PATHS = (
					"$(inherited)",
					"$(PROJECT_DIR)/MZAudioCodec/Classes/Vendor/**",
					"$(PROJECT_DIR)/MZAudioCodec/Classes/Vendor/faac/lib",
					"$(PROJECT_DIR)/MZAudioCodec/Classes/Vendor/fdk-aac-ios/lib",
					"$(PROJECT_DIR)/MZAudioCodec/Classes/Vendor/faad/lib",
				);
				PRODUCT_BUNDLE_IDENTIFIER = com.veryitman.audio.codec.MZAudioCodec;
				PRODUCT_NAME = "$(TARGET_NAME)";
				TARGETED_DEVICE_FAMILY = "1,2";
			};
			name = Debug;
		};
		4D0A16BB20158BA60001844A /* Release */ = {
			isa = XCBuildConfiguration;
			buildSettings = {
				ASSETCATALOG_COMPILER_APPICON_NAME = AppIcon;
				CODE_SIGN_STYLE = Automatic;
				DEVELOPMENT_TEAM = GR78TT232F;
				ENABLE_BITCODE = NO;
				INFOPLIST_FILE = MZAudioCodec/Info.plist;
				LD_RUNPATH_SEARCH_PATHS = "$(inherited) @executable_path/Frameworks";
				LIBRARY_SEARCH_PATHS = (
					"$(inherited)",
					"$(PROJECT_DIR)/MZAudioCodec/Classes/Vendor/**",
					"$(PROJECT_DIR)/MZAudioCodec/Classes/Vendor/faac/lib",
					"$(PROJECT_DIR)/MZAudioCodec/Classes/Vendor/fdk-aac-ios/lib",
					"$(PROJECT_DIR)/MZAudioCodec/Classes/Vendor/faad/lib",
				);
				PRODUCT_BUNDLE_IDENTIFIER = com.veryitman.audio.codec.MZAudioCodec;
				PRODUCT_NAME = "$(TARGET_NAME)";
				TARGETED_DEVICE_FAMILY = "1,2";
			};
			name = Release;
		};
/* End XCBuildConfiguration section */

/* Begin XCConfigurationList section */
		4D0A168820158BA60001844A /* Build configuration list for PBXProject "MZAudioCodec" */ = {
			isa = XCConfigurationList;
			buildConfigurations = (
				4D0A16B720158BA60001844A /* Debug */,
				4D0A16B820158BA60001844A /* Release */,
			);
			defaultConfigurationIsVisible = 0;
			defaultConfigurationName = Release;
		};
		4D0A16B920158BA60001844A /* Build configuration list for PBXNativeTarget "MZAudioCodec" */ = {
			isa = XCConfigurationList;
			buildConfigurations = (
				4D0A16BA20158BA60001844A /* Debug */,
				4D0A16BB20158BA60001844A /* Release */,
			);
			defaultConfigurationIsVisible = 0;
			defaultConfigurationName = Release;
		};
/* End XCConfigurationList section */
	};
	rootObject = 4D0A168520158BA60001844A /* Project object */;
}
